
Microsoft Visual Studio Solution File, Format Version 12.00
# Visual Studio 15
Project("{FAE04EC0-301F-11D3-BF4B-00C04F79EFBC}") = "SoftplanGame.Plugins", "SoftplanGame.Plugins.csproj", "{9925F36B-C0C2-87AF-1A0C-48AD10EA3AAD}"
EndProject
Project("{FAE04EC0-301F-11D3-BF4B-00C04F79EFBC}") = "SoftplanGame", "SoftplanGame.csproj", "{A7535B0C-5F2E-1FE1-D0C7-C730CE7AA24F}"
EndProject
Project("{FAE04EC0-301F-11D3-BF4B-00C04F79EFBC}") = "SoftplanGame.Editor.Plugins", "SoftplanGame.Editor.Plugins.csproj", "{4FD232AB-BBB2-0714-1A68-8484B640513F}"
EndProject
Project("{FAE04EC0-301F-11D3-BF4B-00C04F79EFBC}") = "SoftplanGame.Editor", "SoftplanGame.Editor.csproj", "{63089279-8E14-DADB-AF56-2FA91C2326DD}"
EndProject
Global
	GlobalSection(SolutionConfigurationPlatforms) = preSolution
		Debug|Any CPU = Debug|Any CPU
		Release|Any CPU = Release|Any CPU
	EndGlobalSection
	GlobalSection(ProjectConfigurationPlatforms) = postSolution
		{9925F36B-C0C2-87AF-1A0C-48AD10EA3AAD}.Debug|Any CPU.ActiveCfg = Debug|Any CPU
		{9925F36B-C0C2-87AF-1A0C-48AD10EA3AAD}.Debug|Any CPU.Build.0 = Debug|Any CPU
		{9925F36B-C0C2-87AF-1A0C-48AD10EA3AAD}.Release|Any CPU.ActiveCfg = Release|Any CPU
		{9925F36B-C0C2-87AF-1A0C-48AD10EA3AAD}.Release|Any CPU.Build.0 = Release|Any CPU
		{A7535B0C-5F2E-1FE1-D0C7-C730CE7AA24F}.Debug|Any CPU.ActiveCfg = Debug|Any CPU
		{A7535B0C-5F2E-1FE1-D0C7-C730CE7AA24F}.Debug|Any CPU.Build.0 = Debug|Any CPU
		{A7535B0C-5F2E-1FE1-D0C7-C730CE7AA24F}.Release|Any CPU.ActiveCfg = Release|Any CPU
		{A7535B0C-5F2E-1FE1-D0C7-C730CE7AA24F}.Release|Any CPU.Build.0 = Release|Any CPU
		{4FD232AB-BBB2-0714-1A68-8484B640513F}.Debug|Any CPU.ActiveCfg = Debug|Any CPU
		{4FD232AB-BBB2-0714-1A68-8484B640513F}.Debug|Any CPU.Build.0 = Debug|Any CPU
		{4FD232AB-BBB2-0714-1A68-8484B640513F}.Release|Any CPU.ActiveCfg = Release|Any CPU
		{4FD232AB-BBB2-0714-1A68-8484B640513F}.Release|Any CPU.Build.0 = Release|Any CPU
		{63089279-8E14-DADB-AF56-2FA91C2326DD}.Debug|Any CPU.ActiveCfg = Debug|Any CPU
		{63089279-8E14-DADB-AF56-2FA91C2326DD}.Debug|Any CPU.Build.0 = Debug|Any CPU
		{63089279-8E14-DADB-AF56-2FA91C2326DD}.Release|Any CPU.ActiveCfg = Release|Any CPU
		{63089279-8E14-DADB-AF56-2FA91C2326DD}.Release|Any CPU.Build.0 = Release|Any CPU
	EndGlobalSection
	GlobalSection(SolutionProperties) = preSolution
		HideSolutionNode = FALSE
	EndGlobalSection
EndGlobal
